
Microsoft Visual Studio Solution File, Format Version 12.00
# Visual Studio Version 17
VisualStudioVersion = 17.5.33424.131
MinimumVisualStudioVersion = 10.0.40219.1
Project("{2150E333-8FDC-42A3-9474-1A3956D46DE8}") = "Solution Items", "Solution Items", "{565CB6A9-DB28-4F35-929F-5D1787478E91}"
EndProject
Project("{9A19103F-16F7-4668-BE54-9A1E7A4F7556}") = "RiscEE.Console", "RiscEE.Console\RiscEE.Console.csproj", "{EF93C19E-B1E9-4C7C-BB03-6A93A5E7DA38}"
EndProject
Project("{9A19103F-16F7-4668-BE54-9A1E7A4F7556}") = "RiscEE.InstructionSets", "RiscEE.InstructionSets\RiscEE.InstructionSets.csproj", "{613E6238-1C95-4AB3-AF0F-4A15C9792FF8}"
EndProject
Project("{FAE04EC0-301F-11D3-BF4B-00C04F79EFBC}") = "RiscEE.Hardware", "RiscEE.Hardware\RiscEE.Hardware.csproj", "{E08B1656-F78C-4BFC-83B6-CC76F9C1D95B}"
EndProject
Global
	GlobalSection(SolutionConfigurationPlatforms) = preSolution
		Debug|Any CPU = Debug|Any CPU
		Release|Any CPU = Release|Any CPU
	EndGlobalSection
	GlobalSection(ProjectConfigurationPlatforms) = postSolution
		{EF93C19E-B1E9-4C7C-BB03-6A93A5E7DA38}.Debug|Any CPU.ActiveCfg = Debug|Any CPU
		{EF93C19E-B1E9-4C7C-BB03-6A93A5E7DA38}.Debug|Any CPU.Build.0 = Debug|Any CPU
		{EF93C19E-B1E9-4C7C-BB03-6A93A5E7DA38}.Release|Any CPU.ActiveCfg = Release|Any CPU
		{EF93C19E-B1E9-4C7C-BB03-6A93A5E7DA38}.Release|Any CPU.Build.0 = Release|Any CPU
		{613E6238-1C95-4AB3-AF0F-4A15C9792FF8}.Debug|Any CPU.ActiveCfg = Debug|Any CPU
		{613E6238-1C95-4AB3-AF0F-4A15C9792FF8}.Debug|Any CPU.Build.0 = Debug|Any CPU
		{613E6238-1C95-4AB3-AF0F-4A15C9792FF8}.Release|Any CPU.ActiveCfg = Release|Any CPU
		{613E6238-1C95-4AB3-AF0F-4A15C9792FF8}.Release|Any CPU.Build.0 = Release|Any CPU
		{E08B1656-F78C-4BFC-83B6-CC76F9C1D95B}.Debug|Any CPU.ActiveCfg = Debug|Any CPU
		{E08B1656-F78C-4BFC-83B6-CC76F9C1D95B}.Debug|Any CPU.Build.0 = Debug|Any CPU
		{E08B1656-F78C-4BFC-83B6-CC76F9C1D95B}.Release|Any CPU.ActiveCfg = Release|Any CPU
		{E08B1656-F78C-4BFC-83B6-CC76F9C1D95B}.Release|Any CPU.Build.0 = Release|Any CPU
	EndGlobalSection
	GlobalSection(SolutionProperties) = preSolution
		HideSolutionNode = FALSE
	EndGlobalSection
	GlobalSection(ExtensibilityGlobals) = postSolution
		SolutionGuid = {25460B86-BF13-4669-B0DA-CF38D2D730D6}
	EndGlobalSection
EndGlobal
