
Microsoft Visual Studio Solution File, Format Version 12.00
# Visual Studio Version 17
VisualStudioVersion = 17.5.33424.131
MinimumVisualStudioVersion = 10.0.40219.1
Project("{2150E333-8FDC-42A3-9474-1A3956D46DE8}") = "Solution Items", "Solution Items", "{565CB6A9-DB28-4F35-929F-5D1787478E91}"
EndProject
Project("{9A19103F-16F7-4668-BE54-9A1E7A4F7556}") = "RiscEE.Console", "RiscEE.Console\RiscEE.Console.csproj", "{EF93C19E-B1E9-4C7C-BB03-6A93A5E7DA38}"
EndProject
Project("{9A19103F-16F7-4668-BE54-9A1E7A4F7556}") = "Kingsmill.Net", "Kingsmill.Net\Kingsmill.Net.csproj", "{FB8576C1-46CA-499B-84C7-C8CD70AE9275}"
EndProject
Project("{9A19103F-16F7-4668-BE54-9A1E7A4F7556}") = "RiscEE.Hardware", "RiscEE.Hardware\RiscEE.Hardware.csproj", "{237B753F-2AFF-4CAC-8534-8657D2C2E133}"
EndProject
Project("{9A19103F-16F7-4668-BE54-9A1E7A4F7556}") = "RiscEE.Hardware.Test", "RiscEE.Hardware.Test\RiscEE.Hardware.Test.csproj", "{4B230314-A7F1-4A3E-ADB2-84DA92028EDF}"
EndProject
Project("{9A19103F-16F7-4668-BE54-9A1E7A4F7556}") = "RiscEE.Assembler", "RiscEE.Assembler\RiscEE.Assembler.csproj", "{4B73477B-4963-4FD8-A797-9B0D5189ECA6}"
EndProject
Project("{2150E333-8FDC-42A3-9474-1A3956D46DE8}") = "Kingsmill", "Kingsmill", "{0DB110EF-0764-42C7-A73B-63E412823853}"
EndProject
Project("{9A19103F-16F7-4668-BE54-9A1E7A4F7556}") = "RiscEE.Instructions", "RiscEE.Instructions\RiscEE.Instructions.csproj", "{355F8BD8-AE86-4C9A-81B5-F86374E8D29C}"
EndProject
Project("{9A19103F-16F7-4668-BE54-9A1E7A4F7556}") = "RiscEE.Core", "RiscEE.Core\RiscEE.Core.csproj", "{EBF3D16F-C751-4E53-803D-1721D25A34BB}"
EndProject
Project("{9A19103F-16F7-4668-BE54-9A1E7A4F7556}") = "RiscEE.Hardware.RV32I", "RiscEE.Hardware.RV32I\RiscEE.Hardware.RV32I.csproj", "{86DDB1CD-DED1-4C67-9F30-13F3714CE45E}"
EndProject
Global
	GlobalSection(SolutionConfigurationPlatforms) = preSolution
		Debug|Any CPU = Debug|Any CPU
		Release|Any CPU = Release|Any CPU
	EndGlobalSection
	GlobalSection(ProjectConfigurationPlatforms) = postSolution
		{EF93C19E-B1E9-4C7C-BB03-6A93A5E7DA38}.Debug|Any CPU.ActiveCfg = Debug|Any CPU
		{EF93C19E-B1E9-4C7C-BB03-6A93A5E7DA38}.Debug|Any CPU.Build.0 = Debug|Any CPU
		{EF93C19E-B1E9-4C7C-BB03-6A93A5E7DA38}.Release|Any CPU.ActiveCfg = Release|Any CPU
		{EF93C19E-B1E9-4C7C-BB03-6A93A5E7DA38}.Release|Any CPU.Build.0 = Release|Any CPU
		{FB8576C1-46CA-499B-84C7-C8CD70AE9275}.Debug|Any CPU.ActiveCfg = Debug|Any CPU
		{FB8576C1-46CA-499B-84C7-C8CD70AE9275}.Debug|Any CPU.Build.0 = Debug|Any CPU
		{FB8576C1-46CA-499B-84C7-C8CD70AE9275}.Release|Any CPU.ActiveCfg = Release|Any CPU
		{FB8576C1-46CA-499B-84C7-C8CD70AE9275}.Release|Any CPU.Build.0 = Release|Any CPU
		{237B753F-2AFF-4CAC-8534-8657D2C2E133}.Debug|Any CPU.ActiveCfg = Debug|Any CPU
		{237B753F-2AFF-4CAC-8534-8657D2C2E133}.Debug|Any CPU.Build.0 = Debug|Any CPU
		{237B753F-2AFF-4CAC-8534-8657D2C2E133}.Release|Any CPU.ActiveCfg = Release|Any CPU
		{237B753F-2AFF-4CAC-8534-8657D2C2E133}.Release|Any CPU.Build.0 = Release|Any CPU
		{4B230314-A7F1-4A3E-ADB2-84DA92028EDF}.Debug|Any CPU.ActiveCfg = Debug|Any CPU
		{4B230314-A7F1-4A3E-ADB2-84DA92028EDF}.Debug|Any CPU.Build.0 = Debug|Any CPU
		{4B230314-A7F1-4A3E-ADB2-84DA92028EDF}.Release|Any CPU.ActiveCfg = Release|Any CPU
		{4B230314-A7F1-4A3E-ADB2-84DA92028EDF}.Release|Any CPU.Build.0 = Release|Any CPU
		{4B73477B-4963-4FD8-A797-9B0D5189ECA6}.Debug|Any CPU.ActiveCfg = Debug|Any CPU
		{4B73477B-4963-4FD8-A797-9B0D5189ECA6}.Debug|Any CPU.Build.0 = Debug|Any CPU
		{4B73477B-4963-4FD8-A797-9B0D5189ECA6}.Release|Any CPU.ActiveCfg = Release|Any CPU
		{4B73477B-4963-4FD8-A797-9B0D5189ECA6}.Release|Any CPU.Build.0 = Release|Any CPU
		{355F8BD8-AE86-4C9A-81B5-F86374E8D29C}.Debug|Any CPU.ActiveCfg = Debug|Any CPU
		{355F8BD8-AE86-4C9A-81B5-F86374E8D29C}.Debug|Any CPU.Build.0 = Debug|Any CPU
		{355F8BD8-AE86-4C9A-81B5-F86374E8D29C}.Release|Any CPU.ActiveCfg = Release|Any CPU
		{355F8BD8-AE86-4C9A-81B5-F86374E8D29C}.Release|Any CPU.Build.0 = Release|Any CPU
		{EBF3D16F-C751-4E53-803D-1721D25A34BB}.Debug|Any CPU.ActiveCfg = Debug|Any CPU
		{EBF3D16F-C751-4E53-803D-1721D25A34BB}.Debug|Any CPU.Build.0 = Debug|Any CPU
		{EBF3D16F-C751-4E53-803D-1721D25A34BB}.Release|Any CPU.ActiveCfg = Release|Any CPU
		{EBF3D16F-C751-4E53-803D-1721D25A34BB}.Release|Any CPU.Build.0 = Release|Any CPU
		{86DDB1CD-DED1-4C67-9F30-13F3714CE45E}.Debug|Any CPU.ActiveCfg = Debug|Any CPU
		{86DDB1CD-DED1-4C67-9F30-13F3714CE45E}.Debug|Any CPU.Build.0 = Debug|Any CPU
		{86DDB1CD-DED1-4C67-9F30-13F3714CE45E}.Release|Any CPU.ActiveCfg = Release|Any CPU
		{86DDB1CD-DED1-4C67-9F30-13F3714CE45E}.Release|Any CPU.Build.0 = Release|Any CPU
	EndGlobalSection
	GlobalSection(SolutionProperties) = preSolution
		HideSolutionNode = FALSE
	EndGlobalSection
	GlobalSection(NestedProjects) = preSolution
		{FB8576C1-46CA-499B-84C7-C8CD70AE9275} = {0DB110EF-0764-42C7-A73B-63E412823853}
	EndGlobalSection
	GlobalSection(ExtensibilityGlobals) = postSolution
		SolutionGuid = {25460B86-BF13-4669-B0DA-CF38D2D730D6}
	EndGlobalSection
EndGlobal
