
Microsoft Visual Studio Solution File, Format Version 12.00
# Visual Studio Version 17
VisualStudioVersion = 17.5.33424.131
MinimumVisualStudioVersion = 10.0.40219.1
Project("{2150E333-8FDC-42A3-9474-1A3956D46DE8}") = "Documents", "Documents", "{565CB6A9-DB28-4F35-929F-5D1787478E91}"
	ProjectSection(SolutionItems) = preProject
		..\docs\Computer Organization And Design RISC-V Edition.pdf = ..\docs\Computer Organization And Design RISC-V Edition.pdf
		..\docs\risc-v-asm-manual.pdf = ..\docs\risc-v-asm-manual.pdf
	EndProjectSection
EndProject
Project("{9A19103F-16F7-4668-BE54-9A1E7A4F7556}") = "Kingsmill.Net", "Kingsmill.Net\Kingsmill.Net.csproj", "{FB8576C1-46CA-499B-84C7-C8CD70AE9275}"
EndProject
Project("{9A19103F-16F7-4668-BE54-9A1E7A4F7556}") = "RiscEE.Hardware", "RiscEE.Hardware\RiscEE.Hardware.csproj", "{237B753F-2AFF-4CAC-8534-8657D2C2E133}"
EndProject
Project("{9A19103F-16F7-4668-BE54-9A1E7A4F7556}") = "RiscEE.Hardware.Test", "RiscEE.Hardware.Test\RiscEE.Hardware.Test.csproj", "{4B230314-A7F1-4A3E-ADB2-84DA92028EDF}"
EndProject
Project("{9A19103F-16F7-4668-BE54-9A1E7A4F7556}") = "RiscEE.Assembler", "RiscEE.Assembler\RiscEE.Assembler.csproj", "{4B73477B-4963-4FD8-A797-9B0D5189ECA6}"
EndProject
Project("{2150E333-8FDC-42A3-9474-1A3956D46DE8}") = "Kingsmill", "Kingsmill", "{0DB110EF-0764-42C7-A73B-63E412823853}"
EndProject
Project("{9A19103F-16F7-4668-BE54-9A1E7A4F7556}") = "RiscEE.Instructions", "RiscEE.Instructions\RiscEE.Instructions.csproj", "{355F8BD8-AE86-4C9A-81B5-F86374E8D29C}"
EndProject
Project("{9A19103F-16F7-4668-BE54-9A1E7A4F7556}") = "RiscEE.Core", "RiscEE.Core\RiscEE.Core.csproj", "{EBF3D16F-C751-4E53-803D-1721D25A34BB}"
EndProject
Project("{9A19103F-16F7-4668-BE54-9A1E7A4F7556}") = "RiscEE.Hardware.RV32I", "RiscEE.Hardware.RV32I\RiscEE.Hardware.RV32I.csproj", "{86DDB1CD-DED1-4C67-9F30-13F3714CE45E}"
EndProject
Project("{9A19103F-16F7-4668-BE54-9A1E7A4F7556}") = "RiscEE.Console", "RiscEE.Console\RiscEE.Console.csproj", "{2BB54DD1-8E9B-4D70-98A2-63E5EDAA1F30}"
EndProject
Project("{9A19103F-16F7-4668-BE54-9A1E7A4F7556}") = "RiscEE.Assembler.Cli", "RiscEE.Assembler.Cli\RiscEE.Assembler.Cli.csproj", "{E830D581-C79F-4EB1-94C6-D1FC1218607E}"
EndProject
Project("{9A19103F-16F7-4668-BE54-9A1E7A4F7556}") = "RiscEE.Assembler.Tests", "RiscEE.Assembler.Test\RiscEE.Assembler.Tests.csproj", "{9D7990C7-A5C5-421E-95EC-17D532E26F0F}"
EndProject
Project("{9A19103F-16F7-4668-BE54-9A1E7A4F7556}") = "RiscEE.Assembler.Prototype", "RiscEE.Assembler.Prototype\RiscEE.Assembler.Prototype.csproj", "{88B40ACC-2D52-4E24-98C6-0B5168318C58}"
EndProject
Project("{2150E333-8FDC-42A3-9474-1A3956D46DE8}") = "Examples", "Examples", "{4AE91F47-7F88-4CC7-B63B-86708F38490C}"
EndProject
Project("{8BC9CEB8-8B4A-11D0-8D11-00A0C91BC942}") = "AssemblerDemo", "AssemblerDemo\AssemblerDemo.vcxproj", "{6E47E461-2132-4415-9B94-F7AD046E2149}"
EndProject
Project("{8BC9CEB8-8B4A-11D0-8D11-00A0C91BC942}") = "Assembler", "Prototypes\Assembler\Assembler.vcxproj", "{04DD1F96-6E57-4156-8C93-A25F1844169B}"
EndProject
Project("{2150E333-8FDC-42A3-9474-1A3956D46DE8}") = "Prototypes", "Prototypes", "{D7B6E18A-859A-4513-88A4-7466D55E9F04}"
EndProject
Global
	GlobalSection(SolutionConfigurationPlatforms) = preSolution
		Debug|Any CPU = Debug|Any CPU
		Debug|x64 = Debug|x64
		Debug|x86 = Debug|x86
		Release|Any CPU = Release|Any CPU
		Release|x64 = Release|x64
		Release|x86 = Release|x86
	EndGlobalSection
	GlobalSection(ProjectConfigurationPlatforms) = postSolution
		{FB8576C1-46CA-499B-84C7-C8CD70AE9275}.Debug|Any CPU.ActiveCfg = Debug|Any CPU
		{FB8576C1-46CA-499B-84C7-C8CD70AE9275}.Debug|Any CPU.Build.0 = Debug|Any CPU
		{FB8576C1-46CA-499B-84C7-C8CD70AE9275}.Debug|x64.ActiveCfg = Debug|Any CPU
		{FB8576C1-46CA-499B-84C7-C8CD70AE9275}.Debug|x64.Build.0 = Debug|Any CPU
		{FB8576C1-46CA-499B-84C7-C8CD70AE9275}.Debug|x86.ActiveCfg = Debug|Any CPU
		{FB8576C1-46CA-499B-84C7-C8CD70AE9275}.Debug|x86.Build.0 = Debug|Any CPU
		{FB8576C1-46CA-499B-84C7-C8CD70AE9275}.Release|Any CPU.ActiveCfg = Release|Any CPU
		{FB8576C1-46CA-499B-84C7-C8CD70AE9275}.Release|Any CPU.Build.0 = Release|Any CPU
		{FB8576C1-46CA-499B-84C7-C8CD70AE9275}.Release|x64.ActiveCfg = Release|Any CPU
		{FB8576C1-46CA-499B-84C7-C8CD70AE9275}.Release|x64.Build.0 = Release|Any CPU
		{FB8576C1-46CA-499B-84C7-C8CD70AE9275}.Release|x86.ActiveCfg = Release|Any CPU
		{FB8576C1-46CA-499B-84C7-C8CD70AE9275}.Release|x86.Build.0 = Release|Any CPU
		{237B753F-2AFF-4CAC-8534-8657D2C2E133}.Debug|Any CPU.ActiveCfg = Debug|Any CPU
		{237B753F-2AFF-4CAC-8534-8657D2C2E133}.Debug|Any CPU.Build.0 = Debug|Any CPU
		{237B753F-2AFF-4CAC-8534-8657D2C2E133}.Debug|x64.ActiveCfg = Debug|Any CPU
		{237B753F-2AFF-4CAC-8534-8657D2C2E133}.Debug|x64.Build.0 = Debug|Any CPU
		{237B753F-2AFF-4CAC-8534-8657D2C2E133}.Debug|x86.ActiveCfg = Debug|Any CPU
		{237B753F-2AFF-4CAC-8534-8657D2C2E133}.Debug|x86.Build.0 = Debug|Any CPU
		{237B753F-2AFF-4CAC-8534-8657D2C2E133}.Release|Any CPU.ActiveCfg = Release|Any CPU
		{237B753F-2AFF-4CAC-8534-8657D2C2E133}.Release|Any CPU.Build.0 = Release|Any CPU
		{237B753F-2AFF-4CAC-8534-8657D2C2E133}.Release|x64.ActiveCfg = Release|Any CPU
		{237B753F-2AFF-4CAC-8534-8657D2C2E133}.Release|x64.Build.0 = Release|Any CPU
		{237B753F-2AFF-4CAC-8534-8657D2C2E133}.Release|x86.ActiveCfg = Release|Any CPU
		{237B753F-2AFF-4CAC-8534-8657D2C2E133}.Release|x86.Build.0 = Release|Any CPU
		{4B230314-A7F1-4A3E-ADB2-84DA92028EDF}.Debug|Any CPU.ActiveCfg = Debug|Any CPU
		{4B230314-A7F1-4A3E-ADB2-84DA92028EDF}.Debug|Any CPU.Build.0 = Debug|Any CPU
		{4B230314-A7F1-4A3E-ADB2-84DA92028EDF}.Debug|x64.ActiveCfg = Debug|Any CPU
		{4B230314-A7F1-4A3E-ADB2-84DA92028EDF}.Debug|x64.Build.0 = Debug|Any CPU
		{4B230314-A7F1-4A3E-ADB2-84DA92028EDF}.Debug|x86.ActiveCfg = Debug|Any CPU
		{4B230314-A7F1-4A3E-ADB2-84DA92028EDF}.Debug|x86.Build.0 = Debug|Any CPU
		{4B230314-A7F1-4A3E-ADB2-84DA92028EDF}.Release|Any CPU.ActiveCfg = Release|Any CPU
		{4B230314-A7F1-4A3E-ADB2-84DA92028EDF}.Release|Any CPU.Build.0 = Release|Any CPU
		{4B230314-A7F1-4A3E-ADB2-84DA92028EDF}.Release|x64.ActiveCfg = Release|Any CPU
		{4B230314-A7F1-4A3E-ADB2-84DA92028EDF}.Release|x64.Build.0 = Release|Any CPU
		{4B230314-A7F1-4A3E-ADB2-84DA92028EDF}.Release|x86.ActiveCfg = Release|Any CPU
		{4B230314-A7F1-4A3E-ADB2-84DA92028EDF}.Release|x86.Build.0 = Release|Any CPU
		{4B73477B-4963-4FD8-A797-9B0D5189ECA6}.Debug|Any CPU.ActiveCfg = Debug|Any CPU
		{4B73477B-4963-4FD8-A797-9B0D5189ECA6}.Debug|Any CPU.Build.0 = Debug|Any CPU
		{4B73477B-4963-4FD8-A797-9B0D5189ECA6}.Debug|x64.ActiveCfg = Debug|Any CPU
		{4B73477B-4963-4FD8-A797-9B0D5189ECA6}.Debug|x64.Build.0 = Debug|Any CPU
		{4B73477B-4963-4FD8-A797-9B0D5189ECA6}.Debug|x86.ActiveCfg = Debug|Any CPU
		{4B73477B-4963-4FD8-A797-9B0D5189ECA6}.Debug|x86.Build.0 = Debug|Any CPU
		{4B73477B-4963-4FD8-A797-9B0D5189ECA6}.Release|Any CPU.ActiveCfg = Release|Any CPU
		{4B73477B-4963-4FD8-A797-9B0D5189ECA6}.Release|Any CPU.Build.0 = Release|Any CPU
		{4B73477B-4963-4FD8-A797-9B0D5189ECA6}.Release|x64.ActiveCfg = Release|Any CPU
		{4B73477B-4963-4FD8-A797-9B0D5189ECA6}.Release|x64.Build.0 = Release|Any CPU
		{4B73477B-4963-4FD8-A797-9B0D5189ECA6}.Release|x86.ActiveCfg = Release|Any CPU
		{4B73477B-4963-4FD8-A797-9B0D5189ECA6}.Release|x86.Build.0 = Release|Any CPU
		{355F8BD8-AE86-4C9A-81B5-F86374E8D29C}.Debug|Any CPU.ActiveCfg = Debug|Any CPU
		{355F8BD8-AE86-4C9A-81B5-F86374E8D29C}.Debug|Any CPU.Build.0 = Debug|Any CPU
		{355F8BD8-AE86-4C9A-81B5-F86374E8D29C}.Debug|x64.ActiveCfg = Debug|Any CPU
		{355F8BD8-AE86-4C9A-81B5-F86374E8D29C}.Debug|x64.Build.0 = Debug|Any CPU
		{355F8BD8-AE86-4C9A-81B5-F86374E8D29C}.Debug|x86.ActiveCfg = Debug|Any CPU
		{355F8BD8-AE86-4C9A-81B5-F86374E8D29C}.Debug|x86.Build.0 = Debug|Any CPU
		{355F8BD8-AE86-4C9A-81B5-F86374E8D29C}.Release|Any CPU.ActiveCfg = Release|Any CPU
		{355F8BD8-AE86-4C9A-81B5-F86374E8D29C}.Release|Any CPU.Build.0 = Release|Any CPU
		{355F8BD8-AE86-4C9A-81B5-F86374E8D29C}.Release|x64.ActiveCfg = Release|Any CPU
		{355F8BD8-AE86-4C9A-81B5-F86374E8D29C}.Release|x64.Build.0 = Release|Any CPU
		{355F8BD8-AE86-4C9A-81B5-F86374E8D29C}.Release|x86.ActiveCfg = Release|Any CPU
		{355F8BD8-AE86-4C9A-81B5-F86374E8D29C}.Release|x86.Build.0 = Release|Any CPU
		{EBF3D16F-C751-4E53-803D-1721D25A34BB}.Debug|Any CPU.ActiveCfg = Debug|Any CPU
		{EBF3D16F-C751-4E53-803D-1721D25A34BB}.Debug|Any CPU.Build.0 = Debug|Any CPU
		{EBF3D16F-C751-4E53-803D-1721D25A34BB}.Debug|x64.ActiveCfg = Debug|Any CPU
		{EBF3D16F-C751-4E53-803D-1721D25A34BB}.Debug|x64.Build.0 = Debug|Any CPU
		{EBF3D16F-C751-4E53-803D-1721D25A34BB}.Debug|x86.ActiveCfg = Debug|Any CPU
		{EBF3D16F-C751-4E53-803D-1721D25A34BB}.Debug|x86.Build.0 = Debug|Any CPU
		{EBF3D16F-C751-4E53-803D-1721D25A34BB}.Release|Any CPU.ActiveCfg = Release|Any CPU
		{EBF3D16F-C751-4E53-803D-1721D25A34BB}.Release|Any CPU.Build.0 = Release|Any CPU
		{EBF3D16F-C751-4E53-803D-1721D25A34BB}.Release|x64.ActiveCfg = Release|Any CPU
		{EBF3D16F-C751-4E53-803D-1721D25A34BB}.Release|x64.Build.0 = Release|Any CPU
		{EBF3D16F-C751-4E53-803D-1721D25A34BB}.Release|x86.ActiveCfg = Release|Any CPU
		{EBF3D16F-C751-4E53-803D-1721D25A34BB}.Release|x86.Build.0 = Release|Any CPU
		{86DDB1CD-DED1-4C67-9F30-13F3714CE45E}.Debug|Any CPU.ActiveCfg = Debug|Any CPU
		{86DDB1CD-DED1-4C67-9F30-13F3714CE45E}.Debug|Any CPU.Build.0 = Debug|Any CPU
		{86DDB1CD-DED1-4C67-9F30-13F3714CE45E}.Debug|x64.ActiveCfg = Debug|Any CPU
		{86DDB1CD-DED1-4C67-9F30-13F3714CE45E}.Debug|x64.Build.0 = Debug|Any CPU
		{86DDB1CD-DED1-4C67-9F30-13F3714CE45E}.Debug|x86.ActiveCfg = Debug|Any CPU
		{86DDB1CD-DED1-4C67-9F30-13F3714CE45E}.Debug|x86.Build.0 = Debug|Any CPU
		{86DDB1CD-DED1-4C67-9F30-13F3714CE45E}.Release|Any CPU.ActiveCfg = Release|Any CPU
		{86DDB1CD-DED1-4C67-9F30-13F3714CE45E}.Release|Any CPU.Build.0 = Release|Any CPU
		{86DDB1CD-DED1-4C67-9F30-13F3714CE45E}.Release|x64.ActiveCfg = Release|Any CPU
		{86DDB1CD-DED1-4C67-9F30-13F3714CE45E}.Release|x64.Build.0 = Release|Any CPU
		{86DDB1CD-DED1-4C67-9F30-13F3714CE45E}.Release|x86.ActiveCfg = Release|Any CPU
		{86DDB1CD-DED1-4C67-9F30-13F3714CE45E}.Release|x86.Build.0 = Release|Any CPU
		{2BB54DD1-8E9B-4D70-98A2-63E5EDAA1F30}.Debug|Any CPU.ActiveCfg = Debug|Any CPU
		{2BB54DD1-8E9B-4D70-98A2-63E5EDAA1F30}.Debug|Any CPU.Build.0 = Debug|Any CPU
		{2BB54DD1-8E9B-4D70-98A2-63E5EDAA1F30}.Debug|x64.ActiveCfg = Debug|Any CPU
		{2BB54DD1-8E9B-4D70-98A2-63E5EDAA1F30}.Debug|x64.Build.0 = Debug|Any CPU
		{2BB54DD1-8E9B-4D70-98A2-63E5EDAA1F30}.Debug|x86.ActiveCfg = Debug|Any CPU
		{2BB54DD1-8E9B-4D70-98A2-63E5EDAA1F30}.Debug|x86.Build.0 = Debug|Any CPU
		{2BB54DD1-8E9B-4D70-98A2-63E5EDAA1F30}.Release|Any CPU.ActiveCfg = Release|Any CPU
		{2BB54DD1-8E9B-4D70-98A2-63E5EDAA1F30}.Release|Any CPU.Build.0 = Release|Any CPU
		{2BB54DD1-8E9B-4D70-98A2-63E5EDAA1F30}.Release|x64.ActiveCfg = Release|Any CPU
		{2BB54DD1-8E9B-4D70-98A2-63E5EDAA1F30}.Release|x64.Build.0 = Release|Any CPU
		{2BB54DD1-8E9B-4D70-98A2-63E5EDAA1F30}.Release|x86.ActiveCfg = Release|Any CPU
		{2BB54DD1-8E9B-4D70-98A2-63E5EDAA1F30}.Release|x86.Build.0 = Release|Any CPU
		{E830D581-C79F-4EB1-94C6-D1FC1218607E}.Debug|Any CPU.ActiveCfg = Debug|Any CPU
		{E830D581-C79F-4EB1-94C6-D1FC1218607E}.Debug|Any CPU.Build.0 = Debug|Any CPU
		{E830D581-C79F-4EB1-94C6-D1FC1218607E}.Debug|x64.ActiveCfg = Debug|Any CPU
		{E830D581-C79F-4EB1-94C6-D1FC1218607E}.Debug|x64.Build.0 = Debug|Any CPU
		{E830D581-C79F-4EB1-94C6-D1FC1218607E}.Debug|x86.ActiveCfg = Debug|Any CPU
		{E830D581-C79F-4EB1-94C6-D1FC1218607E}.Debug|x86.Build.0 = Debug|Any CPU
		{E830D581-C79F-4EB1-94C6-D1FC1218607E}.Release|Any CPU.ActiveCfg = Release|Any CPU
		{E830D581-C79F-4EB1-94C6-D1FC1218607E}.Release|Any CPU.Build.0 = Release|Any CPU
		{E830D581-C79F-4EB1-94C6-D1FC1218607E}.Release|x64.ActiveCfg = Release|Any CPU
		{E830D581-C79F-4EB1-94C6-D1FC1218607E}.Release|x64.Build.0 = Release|Any CPU
		{E830D581-C79F-4EB1-94C6-D1FC1218607E}.Release|x86.ActiveCfg = Release|Any CPU
		{E830D581-C79F-4EB1-94C6-D1FC1218607E}.Release|x86.Build.0 = Release|Any CPU
		{9D7990C7-A5C5-421E-95EC-17D532E26F0F}.Debug|Any CPU.ActiveCfg = Debug|Any CPU
		{9D7990C7-A5C5-421E-95EC-17D532E26F0F}.Debug|Any CPU.Build.0 = Debug|Any CPU
		{9D7990C7-A5C5-421E-95EC-17D532E26F0F}.Debug|x64.ActiveCfg = Debug|Any CPU
		{9D7990C7-A5C5-421E-95EC-17D532E26F0F}.Debug|x64.Build.0 = Debug|Any CPU
		{9D7990C7-A5C5-421E-95EC-17D532E26F0F}.Debug|x86.ActiveCfg = Debug|Any CPU
		{9D7990C7-A5C5-421E-95EC-17D532E26F0F}.Debug|x86.Build.0 = Debug|Any CPU
		{9D7990C7-A5C5-421E-95EC-17D532E26F0F}.Release|Any CPU.ActiveCfg = Release|Any CPU
		{9D7990C7-A5C5-421E-95EC-17D532E26F0F}.Release|Any CPU.Build.0 = Release|Any CPU
		{9D7990C7-A5C5-421E-95EC-17D532E26F0F}.Release|x64.ActiveCfg = Release|Any CPU
		{9D7990C7-A5C5-421E-95EC-17D532E26F0F}.Release|x64.Build.0 = Release|Any CPU
		{9D7990C7-A5C5-421E-95EC-17D532E26F0F}.Release|x86.ActiveCfg = Release|Any CPU
		{9D7990C7-A5C5-421E-95EC-17D532E26F0F}.Release|x86.Build.0 = Release|Any CPU
		{88B40ACC-2D52-4E24-98C6-0B5168318C58}.Debug|Any CPU.ActiveCfg = Debug|Any CPU
		{88B40ACC-2D52-4E24-98C6-0B5168318C58}.Debug|Any CPU.Build.0 = Debug|Any CPU
		{88B40ACC-2D52-4E24-98C6-0B5168318C58}.Debug|x64.ActiveCfg = Debug|Any CPU
		{88B40ACC-2D52-4E24-98C6-0B5168318C58}.Debug|x64.Build.0 = Debug|Any CPU
		{88B40ACC-2D52-4E24-98C6-0B5168318C58}.Debug|x86.ActiveCfg = Debug|Any CPU
		{88B40ACC-2D52-4E24-98C6-0B5168318C58}.Debug|x86.Build.0 = Debug|Any CPU
		{88B40ACC-2D52-4E24-98C6-0B5168318C58}.Release|Any CPU.ActiveCfg = Release|Any CPU
		{88B40ACC-2D52-4E24-98C6-0B5168318C58}.Release|Any CPU.Build.0 = Release|Any CPU
		{88B40ACC-2D52-4E24-98C6-0B5168318C58}.Release|x64.ActiveCfg = Release|Any CPU
		{88B40ACC-2D52-4E24-98C6-0B5168318C58}.Release|x64.Build.0 = Release|Any CPU
		{88B40ACC-2D52-4E24-98C6-0B5168318C58}.Release|x86.ActiveCfg = Release|Any CPU
		{88B40ACC-2D52-4E24-98C6-0B5168318C58}.Release|x86.Build.0 = Release|Any CPU
		{6E47E461-2132-4415-9B94-F7AD046E2149}.Debug|Any CPU.ActiveCfg = Debug|x64
		{6E47E461-2132-4415-9B94-F7AD046E2149}.Debug|Any CPU.Build.0 = Debug|x64
		{6E47E461-2132-4415-9B94-F7AD046E2149}.Debug|x64.ActiveCfg = Debug|x64
		{6E47E461-2132-4415-9B94-F7AD046E2149}.Debug|x64.Build.0 = Debug|x64
		{6E47E461-2132-4415-9B94-F7AD046E2149}.Debug|x86.ActiveCfg = Debug|Win32
		{6E47E461-2132-4415-9B94-F7AD046E2149}.Debug|x86.Build.0 = Debug|Win32
		{6E47E461-2132-4415-9B94-F7AD046E2149}.Release|Any CPU.ActiveCfg = Release|x64
		{6E47E461-2132-4415-9B94-F7AD046E2149}.Release|Any CPU.Build.0 = Release|x64
		{6E47E461-2132-4415-9B94-F7AD046E2149}.Release|x64.ActiveCfg = Release|x64
		{6E47E461-2132-4415-9B94-F7AD046E2149}.Release|x64.Build.0 = Release|x64
		{6E47E461-2132-4415-9B94-F7AD046E2149}.Release|x86.ActiveCfg = Release|Win32
		{6E47E461-2132-4415-9B94-F7AD046E2149}.Release|x86.Build.0 = Release|Win32
		{04DD1F96-6E57-4156-8C93-A25F1844169B}.Debug|Any CPU.ActiveCfg = Debug|x64
		{04DD1F96-6E57-4156-8C93-A25F1844169B}.Debug|Any CPU.Build.0 = Debug|x64
		{04DD1F96-6E57-4156-8C93-A25F1844169B}.Debug|x64.ActiveCfg = Debug|x64
		{04DD1F96-6E57-4156-8C93-A25F1844169B}.Debug|x64.Build.0 = Debug|x64
		{04DD1F96-6E57-4156-8C93-A25F1844169B}.Debug|x86.ActiveCfg = Debug|Win32
		{04DD1F96-6E57-4156-8C93-A25F1844169B}.Debug|x86.Build.0 = Debug|Win32
		{04DD1F96-6E57-4156-8C93-A25F1844169B}.Release|Any CPU.ActiveCfg = Release|x64
		{04DD1F96-6E57-4156-8C93-A25F1844169B}.Release|Any CPU.Build.0 = Release|x64
		{04DD1F96-6E57-4156-8C93-A25F1844169B}.Release|x64.ActiveCfg = Release|x64
		{04DD1F96-6E57-4156-8C93-A25F1844169B}.Release|x64.Build.0 = Release|x64
		{04DD1F96-6E57-4156-8C93-A25F1844169B}.Release|x86.ActiveCfg = Release|Win32
		{04DD1F96-6E57-4156-8C93-A25F1844169B}.Release|x86.Build.0 = Release|Win32
	EndGlobalSection
	GlobalSection(SolutionProperties) = preSolution
		HideSolutionNode = FALSE
	EndGlobalSection
	GlobalSection(NestedProjects) = preSolution
		{FB8576C1-46CA-499B-84C7-C8CD70AE9275} = {0DB110EF-0764-42C7-A73B-63E412823853}
		{6E47E461-2132-4415-9B94-F7AD046E2149} = {4AE91F47-7F88-4CC7-B63B-86708F38490C}
		{04DD1F96-6E57-4156-8C93-A25F1844169B} = {D7B6E18A-859A-4513-88A4-7466D55E9F04}
	EndGlobalSection
	GlobalSection(ExtensibilityGlobals) = postSolution
		SolutionGuid = {25460B86-BF13-4669-B0DA-CF38D2D730D6}
	EndGlobalSection
EndGlobal
